
Microsoft Visual Studio Solution File, Format Version 12.00
# Visual Studio Version 16
VisualStudioVersion = 16.0.31129.286
MinimumVisualStudioVersion = 15.0.26124.0
Project("{2150E333-8FDC-42A3-9474-1A3956D46DE8}") = "Example1-Basic", "Example1-Basic", "{36DF83CB-0F47-48B4-87D7-EB10D4A41F72}"
	ProjectSection(SolutionItems) = preProject
		Example1\README.md = Example1\README.md
	EndProjectSection
EndProject
Project("{9A19103F-16F7-4668-BE54-9A1E7A4F7556}") = "Rabbit.Example1.Consumer", "Example1\Rabbit.Example1.Consumer\Rabbit.Example1.Consumer.csproj", "{ECAC13E7-9D34-4BEB-9858-F67E069278A5}"
EndProject
Project("{9A19103F-16F7-4668-BE54-9A1E7A4F7556}") = "Rabbit.Example1.Producer", "Example1\Rabbit.Example1.Producer\Rabbit.Example1.Producer.csproj", "{503656AB-6293-4D94-BFAC-15E62A81297F}"
EndProject
Project("{9A19103F-16F7-4668-BE54-9A1E7A4F7556}") = "Rabbit.Common", "Common\Rabbit.Common.csproj", "{FD24C6B3-CAB3-4DA1-BC85-BF4F17831EA2}"
EndProject
Project("{2150E333-8FDC-42A3-9474-1A3956D46DE8}") = "Example2-WorkQueue", "Example2-WorkQueue", "{15FFD57A-0602-48EC-AA20-DFCD782211F3}"
	ProjectSection(SolutionItems) = preProject
		Example2\README.md = Example2\README.md
	EndProjectSection
EndProject
Project("{9A19103F-16F7-4668-BE54-9A1E7A4F7556}") = "Rabbit.Example2.Consumer", "Example2\Rabbit.Example2.Consumer\Rabbit.Example2.Consumer.csproj", "{6F358D8D-16BC-4B8B-8637-C5771F5A08CF}"
EndProject
Project("{9A19103F-16F7-4668-BE54-9A1E7A4F7556}") = "Rabbit.Example2.Producer", "Example2\Rabbit.Example2.Producer\Rabbit.Example2.Producer.csproj", "{5EE1E1E1-A15C-4307-A1AE-E81D55B28DE7}"
EndProject
Project("{2150E333-8FDC-42A3-9474-1A3956D46DE8}") = "Example3-Fanout", "Example3-Fanout", "{C7FEF85A-2CF6-4493-B22F-2A5DCE05712E}"
	ProjectSection(SolutionItems) = preProject
		Example3\README.md = Example3\README.md
	EndProjectSection
EndProject
Project("{9A19103F-16F7-4668-BE54-9A1E7A4F7556}") = "Rabbit.Example3.Consumer", "Example3\Rabbit.Example3.Consumer\Rabbit.Example3.Consumer.csproj", "{D99E3E8A-4A33-4360-9514-CFEC4AB1395E}"
EndProject
Project("{9A19103F-16F7-4668-BE54-9A1E7A4F7556}") = "Rabbit.Example3.Producer", "Example3\Rabbit.Example3.Producer\Rabbit.Example3.Producer.csproj", "{D9DC1911-3C8E-4C19-88EA-7C1A30F7A394}"
EndProject
Project("{2150E333-8FDC-42A3-9474-1A3956D46DE8}") = "Example4-Direct", "Example4-Direct", "{77141189-CD30-4FFA-B729-45A088D4628D}"
	ProjectSection(SolutionItems) = preProject
		Example4\README.md = Example4\README.md
	EndProjectSection
EndProject
Project("{9A19103F-16F7-4668-BE54-9A1E7A4F7556}") = "Rabbit.Example4.Consumer", "Example4\Rabbit.Example4.Consumer\Rabbit.Example4.Consumer.csproj", "{45E9F73E-45E8-46DC-96E0-F6D3E646DA2C}"
EndProject
Project("{9A19103F-16F7-4668-BE54-9A1E7A4F7556}") = "Rabbit.Example4.Producer", "Example4\Rabbit.Example4.Producer\Rabbit.Example4.Producer.csproj", "{A2080899-9473-41AD-87DC-86FBD8D35EAC}"
EndProject
Project("{2150E333-8FDC-42A3-9474-1A3956D46DE8}") = "Example5-Topic", "Example5-Topic", "{BF77A44B-1E0A-4EE0-BB3F-666073CDA1FE}"
EndProject
Project("{9A19103F-16F7-4668-BE54-9A1E7A4F7556}") = "Rabbit.Example5.Consumer", "Example5\Rabbit.Example5.Consumer\Rabbit.Example5.Consumer.csproj", "{C5796D59-C863-4E53-A4C8-71F342CD632E}"
EndProject
Project("{9A19103F-16F7-4668-BE54-9A1E7A4F7556}") = "Rabbit.Example5.Producer", "Example5\Rabbit.Example5.Producer\Rabbit.Example5.Producer.csproj", "{D682B5AF-64A6-47A7-9021-A6AF52363762}"
EndProject
Project("{2150E333-8FDC-42A3-9474-1A3956D46DE8}") = "Example6-Headers", "Example6-Headers", "{D9050B26-5B8E-42C3-BCC9-29577140EC33}"
EndProject
Project("{9A19103F-16F7-4668-BE54-9A1E7A4F7556}") = "Rabbit.Example6.Consumer", "Example6\Rabbit.Example6.Consumer\Rabbit.Example6.Consumer.csproj", "{986DB490-8EE1-4A23-AF2C-A92FC6DD3DEC}"
EndProject
Project("{9A19103F-16F7-4668-BE54-9A1E7A4F7556}") = "Rabbit.Example6.Producer", "Example6\Rabbit.Example6.Producer\Rabbit.Example6.Producer.csproj", "{2B7B6CF5-FB2C-4452-A212-59A1638FAF46}"
EndProject
Project("{2150E333-8FDC-42A3-9474-1A3956D46DE8}") = "Common", "Common", "{A41216BE-885F-4C80-A054-C7960D53A58E}"
EndProject
Project("{2150E333-8FDC-42A3-9474-1A3956D46DE8}") = "Example7-PulishReliability", "Example7-PulishReliability", "{76004A6E-1E21-4BEB-B184-F292D1F50EF9}"
EndProject
Project("{FAE04EC0-301F-11D3-BF4B-00C04F79EFBC}") = "Rabbit.Example7.Producer01.Retry", "Example7\Rabbit.Example7.Producer01.Retry\Rabbit.Example7.Producer01.Retry.csproj", "{BDDF932D-1AD6-43AA-9696-FCC451A0C638}"
EndProject
Project("{FAE04EC0-301F-11D3-BF4B-00C04F79EFBC}") = "Rabbit.Example7.Producer02.AsyncAck", "Example7\Rabbit.Example7.Producer02.AsyncAck\Rabbit.Example7.Producer02.AsyncAck.csproj", "{0A652D01-89CA-43C8-8BAE-2E8A0155C6CB}"
EndProject
Project("{FAE04EC0-301F-11D3-BF4B-00C04F79EFBC}") = "Rabbit.Example7.Producer03.MQReliability", "Example7\Rabbit.Example7.Producer03.MQReliability\Rabbit.Example7.Producer03.MQReliability.csproj", "{402C87E4-EACB-4F2F-9D76-77D7141381D6}"
EndProject
Project("{2150E333-8FDC-42A3-9474-1A3956D46DE8}") = "Example8-ConsumerReliability", "Example8-ConsumerReliability", "{A0DAA29A-0B36-4E6C-BB9F-1F3987C8294A}"
EndProject
Project("{FAE04EC0-301F-11D3-BF4B-00C04F79EFBC}") = "Rabbit.Example8.Consumer01.Reliability", "Example8\Rabbit.Example8.Consumer01.Reliability\Rabbit.Example8.Consumer01.Reliability.csproj", "{897070F3-3FFE-4921-BDD3-ACD7C9FEF1E1}"
EndProject
Project("{2150E333-8FDC-42A3-9474-1A3956D46DE8}") = "Example9-DeadLetter", "Example9-DeadLetter", "{08A61910-023B-4713-9915-96D5CF5A3BD7}"
EndProject
Project("{FAE04EC0-301F-11D3-BF4B-00C04F79EFBC}") = "Rabbit.Example9.DeadLetterQueue", "Example9\Rabbit.Example9.DeadLetterQueue\Rabbit.Example9.DeadLetterQueue.csproj", "{369E5EFD-FDCF-4AC3-86BF-F3F447568349}"
EndProject
Project("{FAE04EC0-301F-11D3-BF4B-00C04F79EFBC}") = "Rabbit.Example9.DelayExchange", "Example9\Rabbit.Example9.DelayExchange\Rabbit.Example9.DelayExchange.csproj", "{7232D5D2-B5E3-4C72-B4F8-EDB5C2751334}"
EndProject
Project("{FAE04EC0-301F-11D3-BF4B-00C04F79EFBC}") = "Rabbit.Example9.DelayExchange.Consumer", "Example9\Rabbit.Example9.DelayExchange.Consumer\Rabbit.Example9.DelayExchange.Consumer.csproj", "{4A860A48-925D-4869-8A88-54B8519A61F3}"
EndProject
Global
	GlobalSection(SolutionConfigurationPlatforms) = preSolution
		Debug|Any CPU = Debug|Any CPU
		Debug|x64 = Debug|x64
		Debug|x86 = Debug|x86
		Release|Any CPU = Release|Any CPU
		Release|x64 = Release|x64
		Release|x86 = Release|x86
	EndGlobalSection
	GlobalSection(ProjectConfigurationPlatforms) = postSolution
		{ECAC13E7-9D34-4BEB-9858-F67E069278A5}.Debug|Any CPU.ActiveCfg = Debug|Any CPU
		{ECAC13E7-9D34-4BEB-9858-F67E069278A5}.Debug|Any CPU.Build.0 = Debug|Any CPU
		{ECAC13E7-9D34-4BEB-9858-F67E069278A5}.Debug|x64.ActiveCfg = Debug|Any CPU
		{ECAC13E7-9D34-4BEB-9858-F67E069278A5}.Debug|x64.Build.0 = Debug|Any CPU
		{ECAC13E7-9D34-4BEB-9858-F67E069278A5}.Debug|x86.ActiveCfg = Debug|Any CPU
		{ECAC13E7-9D34-4BEB-9858-F67E069278A5}.Debug|x86.Build.0 = Debug|Any CPU
		{ECAC13E7-9D34-4BEB-9858-F67E069278A5}.Release|Any CPU.ActiveCfg = Release|Any CPU
		{ECAC13E7-9D34-4BEB-9858-F67E069278A5}.Release|Any CPU.Build.0 = Release|Any CPU
		{ECAC13E7-9D34-4BEB-9858-F67E069278A5}.Release|x64.ActiveCfg = Release|Any CPU
		{ECAC13E7-9D34-4BEB-9858-F67E069278A5}.Release|x64.Build.0 = Release|Any CPU
		{ECAC13E7-9D34-4BEB-9858-F67E069278A5}.Release|x86.ActiveCfg = Release|Any CPU
		{ECAC13E7-9D34-4BEB-9858-F67E069278A5}.Release|x86.Build.0 = Release|Any CPU
		{503656AB-6293-4D94-BFAC-15E62A81297F}.Debug|Any CPU.ActiveCfg = Debug|Any CPU
		{503656AB-6293-4D94-BFAC-15E62A81297F}.Debug|Any CPU.Build.0 = Debug|Any CPU
		{503656AB-6293-4D94-BFAC-15E62A81297F}.Debug|x64.ActiveCfg = Debug|Any CPU
		{503656AB-6293-4D94-BFAC-15E62A81297F}.Debug|x64.Build.0 = Debug|Any CPU
		{503656AB-6293-4D94-BFAC-15E62A81297F}.Debug|x86.ActiveCfg = Debug|Any CPU
		{503656AB-6293-4D94-BFAC-15E62A81297F}.Debug|x86.Build.0 = Debug|Any CPU
		{503656AB-6293-4D94-BFAC-15E62A81297F}.Release|Any CPU.ActiveCfg = Release|Any CPU
		{503656AB-6293-4D94-BFAC-15E62A81297F}.Release|Any CPU.Build.0 = Release|Any CPU
		{503656AB-6293-4D94-BFAC-15E62A81297F}.Release|x64.ActiveCfg = Release|Any CPU
		{503656AB-6293-4D94-BFAC-15E62A81297F}.Release|x64.Build.0 = Release|Any CPU
		{503656AB-6293-4D94-BFAC-15E62A81297F}.Release|x86.ActiveCfg = Release|Any CPU
		{503656AB-6293-4D94-BFAC-15E62A81297F}.Release|x86.Build.0 = Release|Any CPU
		{FD24C6B3-CAB3-4DA1-BC85-BF4F17831EA2}.Debug|Any CPU.ActiveCfg = Debug|Any CPU
		{FD24C6B3-CAB3-4DA1-BC85-BF4F17831EA2}.Debug|Any CPU.Build.0 = Debug|Any CPU
		{FD24C6B3-CAB3-4DA1-BC85-BF4F17831EA2}.Debug|x64.ActiveCfg = Debug|Any CPU
		{FD24C6B3-CAB3-4DA1-BC85-BF4F17831EA2}.Debug|x64.Build.0 = Debug|Any CPU
		{FD24C6B3-CAB3-4DA1-BC85-BF4F17831EA2}.Debug|x86.ActiveCfg = Debug|Any CPU
		{FD24C6B3-CAB3-4DA1-BC85-BF4F17831EA2}.Debug|x86.Build.0 = Debug|Any CPU
		{FD24C6B3-CAB3-4DA1-BC85-BF4F17831EA2}.Release|Any CPU.ActiveCfg = Release|Any CPU
		{FD24C6B3-CAB3-4DA1-BC85-BF4F17831EA2}.Release|Any CPU.Build.0 = Release|Any CPU
		{FD24C6B3-CAB3-4DA1-BC85-BF4F17831EA2}.Release|x64.ActiveCfg = Release|Any CPU
		{FD24C6B3-CAB3-4DA1-BC85-BF4F17831EA2}.Release|x64.Build.0 = Release|Any CPU
		{FD24C6B3-CAB3-4DA1-BC85-BF4F17831EA2}.Release|x86.ActiveCfg = Release|Any CPU
		{FD24C6B3-CAB3-4DA1-BC85-BF4F17831EA2}.Release|x86.Build.0 = Release|Any CPU
		{6F358D8D-16BC-4B8B-8637-C5771F5A08CF}.Debug|Any CPU.ActiveCfg = Debug|Any CPU
		{6F358D8D-16BC-4B8B-8637-C5771F5A08CF}.Debug|Any CPU.Build.0 = Debug|Any CPU
		{6F358D8D-16BC-4B8B-8637-C5771F5A08CF}.Debug|x64.ActiveCfg = Debug|Any CPU
		{6F358D8D-16BC-4B8B-8637-C5771F5A08CF}.Debug|x64.Build.0 = Debug|Any CPU
		{6F358D8D-16BC-4B8B-8637-C5771F5A08CF}.Debug|x86.ActiveCfg = Debug|Any CPU
		{6F358D8D-16BC-4B8B-8637-C5771F5A08CF}.Debug|x86.Build.0 = Debug|Any CPU
		{6F358D8D-16BC-4B8B-8637-C5771F5A08CF}.Release|Any CPU.ActiveCfg = Release|Any CPU
		{6F358D8D-16BC-4B8B-8637-C5771F5A08CF}.Release|Any CPU.Build.0 = Release|Any CPU
		{6F358D8D-16BC-4B8B-8637-C5771F5A08CF}.Release|x64.ActiveCfg = Release|Any CPU
		{6F358D8D-16BC-4B8B-8637-C5771F5A08CF}.Release|x64.Build.0 = Release|Any CPU
		{6F358D8D-16BC-4B8B-8637-C5771F5A08CF}.Release|x86.ActiveCfg = Release|Any CPU
		{6F358D8D-16BC-4B8B-8637-C5771F5A08CF}.Release|x86.Build.0 = Release|Any CPU
		{5EE1E1E1-A15C-4307-A1AE-E81D55B28DE7}.Debug|Any CPU.ActiveCfg = Debug|Any CPU
		{5EE1E1E1-A15C-4307-A1AE-E81D55B28DE7}.Debug|Any CPU.Build.0 = Debug|Any CPU
		{5EE1E1E1-A15C-4307-A1AE-E81D55B28DE7}.Debug|x64.ActiveCfg = Debug|Any CPU
		{5EE1E1E1-A15C-4307-A1AE-E81D55B28DE7}.Debug|x64.Build.0 = Debug|Any CPU
		{5EE1E1E1-A15C-4307-A1AE-E81D55B28DE7}.Debug|x86.ActiveCfg = Debug|Any CPU
		{5EE1E1E1-A15C-4307-A1AE-E81D55B28DE7}.Debug|x86.Build.0 = Debug|Any CPU
		{5EE1E1E1-A15C-4307-A1AE-E81D55B28DE7}.Release|Any CPU.ActiveCfg = Release|Any CPU
		{5EE1E1E1-A15C-4307-A1AE-E81D55B28DE7}.Release|Any CPU.Build.0 = Release|Any CPU
		{5EE1E1E1-A15C-4307-A1AE-E81D55B28DE7}.Release|x64.ActiveCfg = Release|Any CPU
		{5EE1E1E1-A15C-4307-A1AE-E81D55B28DE7}.Release|x64.Build.0 = Release|Any CPU
		{5EE1E1E1-A15C-4307-A1AE-E81D55B28DE7}.Release|x86.ActiveCfg = Release|Any CPU
		{5EE1E1E1-A15C-4307-A1AE-E81D55B28DE7}.Release|x86.Build.0 = Release|Any CPU
		{D99E3E8A-4A33-4360-9514-CFEC4AB1395E}.Debug|Any CPU.ActiveCfg = Debug|Any CPU
		{D99E3E8A-4A33-4360-9514-CFEC4AB1395E}.Debug|Any CPU.Build.0 = Debug|Any CPU
		{D99E3E8A-4A33-4360-9514-CFEC4AB1395E}.Debug|x64.ActiveCfg = Debug|Any CPU
		{D99E3E8A-4A33-4360-9514-CFEC4AB1395E}.Debug|x64.Build.0 = Debug|Any CPU
		{D99E3E8A-4A33-4360-9514-CFEC4AB1395E}.Debug|x86.ActiveCfg = Debug|Any CPU
		{D99E3E8A-4A33-4360-9514-CFEC4AB1395E}.Debug|x86.Build.0 = Debug|Any CPU
		{D99E3E8A-4A33-4360-9514-CFEC4AB1395E}.Release|Any CPU.ActiveCfg = Release|Any CPU
		{D99E3E8A-4A33-4360-9514-CFEC4AB1395E}.Release|Any CPU.Build.0 = Release|Any CPU
		{D99E3E8A-4A33-4360-9514-CFEC4AB1395E}.Release|x64.ActiveCfg = Release|Any CPU
		{D99E3E8A-4A33-4360-9514-CFEC4AB1395E}.Release|x64.Build.0 = Release|Any CPU
		{D99E3E8A-4A33-4360-9514-CFEC4AB1395E}.Release|x86.ActiveCfg = Release|Any CPU
		{D99E3E8A-4A33-4360-9514-CFEC4AB1395E}.Release|x86.Build.0 = Release|Any CPU
		{D9DC1911-3C8E-4C19-88EA-7C1A30F7A394}.Debug|Any CPU.ActiveCfg = Debug|Any CPU
		{D9DC1911-3C8E-4C19-88EA-7C1A30F7A394}.Debug|Any CPU.Build.0 = Debug|Any CPU
		{D9DC1911-3C8E-4C19-88EA-7C1A30F7A394}.Debug|x64.ActiveCfg = Debug|Any CPU
		{D9DC1911-3C8E-4C19-88EA-7C1A30F7A394}.Debug|x64.Build.0 = Debug|Any CPU
		{D9DC1911-3C8E-4C19-88EA-7C1A30F7A394}.Debug|x86.ActiveCfg = Debug|Any CPU
		{D9DC1911-3C8E-4C19-88EA-7C1A30F7A394}.Debug|x86.Build.0 = Debug|Any CPU
		{D9DC1911-3C8E-4C19-88EA-7C1A30F7A394}.Release|Any CPU.ActiveCfg = Release|Any CPU
		{D9DC1911-3C8E-4C19-88EA-7C1A30F7A394}.Release|Any CPU.Build.0 = Release|Any CPU
		{D9DC1911-3C8E-4C19-88EA-7C1A30F7A394}.Release|x64.ActiveCfg = Release|Any CPU
		{D9DC1911-3C8E-4C19-88EA-7C1A30F7A394}.Release|x64.Build.0 = Release|Any CPU
		{D9DC1911-3C8E-4C19-88EA-7C1A30F7A394}.Release|x86.ActiveCfg = Release|Any CPU
		{D9DC1911-3C8E-4C19-88EA-7C1A30F7A394}.Release|x86.Build.0 = Release|Any CPU
		{45E9F73E-45E8-46DC-96E0-F6D3E646DA2C}.Debug|Any CPU.ActiveCfg = Debug|Any CPU
		{45E9F73E-45E8-46DC-96E0-F6D3E646DA2C}.Debug|Any CPU.Build.0 = Debug|Any CPU
		{45E9F73E-45E8-46DC-96E0-F6D3E646DA2C}.Debug|x64.ActiveCfg = Debug|Any CPU
		{45E9F73E-45E8-46DC-96E0-F6D3E646DA2C}.Debug|x64.Build.0 = Debug|Any CPU
		{45E9F73E-45E8-46DC-96E0-F6D3E646DA2C}.Debug|x86.ActiveCfg = Debug|Any CPU
		{45E9F73E-45E8-46DC-96E0-F6D3E646DA2C}.Debug|x86.Build.0 = Debug|Any CPU
		{45E9F73E-45E8-46DC-96E0-F6D3E646DA2C}.Release|Any CPU.ActiveCfg = Release|Any CPU
		{45E9F73E-45E8-46DC-96E0-F6D3E646DA2C}.Release|Any CPU.Build.0 = Release|Any CPU
		{45E9F73E-45E8-46DC-96E0-F6D3E646DA2C}.Release|x64.ActiveCfg = Release|Any CPU
		{45E9F73E-45E8-46DC-96E0-F6D3E646DA2C}.Release|x64.Build.0 = Release|Any CPU
		{45E9F73E-45E8-46DC-96E0-F6D3E646DA2C}.Release|x86.ActiveCfg = Release|Any CPU
		{45E9F73E-45E8-46DC-96E0-F6D3E646DA2C}.Release|x86.Build.0 = Release|Any CPU
		{A2080899-9473-41AD-87DC-86FBD8D35EAC}.Debug|Any CPU.ActiveCfg = Debug|Any CPU
		{A2080899-9473-41AD-87DC-86FBD8D35EAC}.Debug|Any CPU.Build.0 = Debug|Any CPU
		{A2080899-9473-41AD-87DC-86FBD8D35EAC}.Debug|x64.ActiveCfg = Debug|Any CPU
		{A2080899-9473-41AD-87DC-86FBD8D35EAC}.Debug|x64.Build.0 = Debug|Any CPU
		{A2080899-9473-41AD-87DC-86FBD8D35EAC}.Debug|x86.ActiveCfg = Debug|Any CPU
		{A2080899-9473-41AD-87DC-86FBD8D35EAC}.Debug|x86.Build.0 = Debug|Any CPU
		{A2080899-9473-41AD-87DC-86FBD8D35EAC}.Release|Any CPU.ActiveCfg = Release|Any CPU
		{A2080899-9473-41AD-87DC-86FBD8D35EAC}.Release|Any CPU.Build.0 = Release|Any CPU
		{A2080899-9473-41AD-87DC-86FBD8D35EAC}.Release|x64.ActiveCfg = Release|Any CPU
		{A2080899-9473-41AD-87DC-86FBD8D35EAC}.Release|x64.Build.0 = Release|Any CPU
		{A2080899-9473-41AD-87DC-86FBD8D35EAC}.Release|x86.ActiveCfg = Release|Any CPU
		{A2080899-9473-41AD-87DC-86FBD8D35EAC}.Release|x86.Build.0 = Release|Any CPU
		{C5796D59-C863-4E53-A4C8-71F342CD632E}.Debug|Any CPU.ActiveCfg = Debug|Any CPU
		{C5796D59-C863-4E53-A4C8-71F342CD632E}.Debug|Any CPU.Build.0 = Debug|Any CPU
		{C5796D59-C863-4E53-A4C8-71F342CD632E}.Debug|x64.ActiveCfg = Debug|Any CPU
		{C5796D59-C863-4E53-A4C8-71F342CD632E}.Debug|x64.Build.0 = Debug|Any CPU
		{C5796D59-C863-4E53-A4C8-71F342CD632E}.Debug|x86.ActiveCfg = Debug|Any CPU
		{C5796D59-C863-4E53-A4C8-71F342CD632E}.Debug|x86.Build.0 = Debug|Any CPU
		{C5796D59-C863-4E53-A4C8-71F342CD632E}.Release|Any CPU.ActiveCfg = Release|Any CPU
		{C5796D59-C863-4E53-A4C8-71F342CD632E}.Release|Any CPU.Build.0 = Release|Any CPU
		{C5796D59-C863-4E53-A4C8-71F342CD632E}.Release|x64.ActiveCfg = Release|Any CPU
		{C5796D59-C863-4E53-A4C8-71F342CD632E}.Release|x64.Build.0 = Release|Any CPU
		{C5796D59-C863-4E53-A4C8-71F342CD632E}.Release|x86.ActiveCfg = Release|Any CPU
		{C5796D59-C863-4E53-A4C8-71F342CD632E}.Release|x86.Build.0 = Release|Any CPU
		{D682B5AF-64A6-47A7-9021-A6AF52363762}.Debug|Any CPU.ActiveCfg = Debug|Any CPU
		{D682B5AF-64A6-47A7-9021-A6AF52363762}.Debug|Any CPU.Build.0 = Debug|Any CPU
		{D682B5AF-64A6-47A7-9021-A6AF52363762}.Debug|x64.ActiveCfg = Debug|Any CPU
		{D682B5AF-64A6-47A7-9021-A6AF52363762}.Debug|x64.Build.0 = Debug|Any CPU
		{D682B5AF-64A6-47A7-9021-A6AF52363762}.Debug|x86.ActiveCfg = Debug|Any CPU
		{D682B5AF-64A6-47A7-9021-A6AF52363762}.Debug|x86.Build.0 = Debug|Any CPU
		{D682B5AF-64A6-47A7-9021-A6AF52363762}.Release|Any CPU.ActiveCfg = Release|Any CPU
		{D682B5AF-64A6-47A7-9021-A6AF52363762}.Release|Any CPU.Build.0 = Release|Any CPU
		{D682B5AF-64A6-47A7-9021-A6AF52363762}.Release|x64.ActiveCfg = Release|Any CPU
		{D682B5AF-64A6-47A7-9021-A6AF52363762}.Release|x64.Build.0 = Release|Any CPU
		{D682B5AF-64A6-47A7-9021-A6AF52363762}.Release|x86.ActiveCfg = Release|Any CPU
		{D682B5AF-64A6-47A7-9021-A6AF52363762}.Release|x86.Build.0 = Release|Any CPU
		{986DB490-8EE1-4A23-AF2C-A92FC6DD3DEC}.Debug|Any CPU.ActiveCfg = Debug|Any CPU
		{986DB490-8EE1-4A23-AF2C-A92FC6DD3DEC}.Debug|Any CPU.Build.0 = Debug|Any CPU
		{986DB490-8EE1-4A23-AF2C-A92FC6DD3DEC}.Debug|x64.ActiveCfg = Debug|Any CPU
		{986DB490-8EE1-4A23-AF2C-A92FC6DD3DEC}.Debug|x64.Build.0 = Debug|Any CPU
		{986DB490-8EE1-4A23-AF2C-A92FC6DD3DEC}.Debug|x86.ActiveCfg = Debug|Any CPU
		{986DB490-8EE1-4A23-AF2C-A92FC6DD3DEC}.Debug|x86.Build.0 = Debug|Any CPU
		{986DB490-8EE1-4A23-AF2C-A92FC6DD3DEC}.Release|Any CPU.ActiveCfg = Release|Any CPU
		{986DB490-8EE1-4A23-AF2C-A92FC6DD3DEC}.Release|Any CPU.Build.0 = Release|Any CPU
		{986DB490-8EE1-4A23-AF2C-A92FC6DD3DEC}.Release|x64.ActiveCfg = Release|Any CPU
		{986DB490-8EE1-4A23-AF2C-A92FC6DD3DEC}.Release|x64.Build.0 = Release|Any CPU
		{986DB490-8EE1-4A23-AF2C-A92FC6DD3DEC}.Release|x86.ActiveCfg = Release|Any CPU
		{986DB490-8EE1-4A23-AF2C-A92FC6DD3DEC}.Release|x86.Build.0 = Release|Any CPU
		{2B7B6CF5-FB2C-4452-A212-59A1638FAF46}.Debug|Any CPU.ActiveCfg = Debug|Any CPU
		{2B7B6CF5-FB2C-4452-A212-59A1638FAF46}.Debug|Any CPU.Build.0 = Debug|Any CPU
		{2B7B6CF5-FB2C-4452-A212-59A1638FAF46}.Debug|x64.ActiveCfg = Debug|Any CPU
		{2B7B6CF5-FB2C-4452-A212-59A1638FAF46}.Debug|x64.Build.0 = Debug|Any CPU
		{2B7B6CF5-FB2C-4452-A212-59A1638FAF46}.Debug|x86.ActiveCfg = Debug|Any CPU
		{2B7B6CF5-FB2C-4452-A212-59A1638FAF46}.Debug|x86.Build.0 = Debug|Any CPU
		{2B7B6CF5-FB2C-4452-A212-59A1638FAF46}.Release|Any CPU.ActiveCfg = Release|Any CPU
		{2B7B6CF5-FB2C-4452-A212-59A1638FAF46}.Release|Any CPU.Build.0 = Release|Any CPU
		{2B7B6CF5-FB2C-4452-A212-59A1638FAF46}.Release|x64.ActiveCfg = Release|Any CPU
		{2B7B6CF5-FB2C-4452-A212-59A1638FAF46}.Release|x64.Build.0 = Release|Any CPU
		{2B7B6CF5-FB2C-4452-A212-59A1638FAF46}.Release|x86.ActiveCfg = Release|Any CPU
		{2B7B6CF5-FB2C-4452-A212-59A1638FAF46}.Release|x86.Build.0 = Release|Any CPU
		{BDDF932D-1AD6-43AA-9696-FCC451A0C638}.Debug|Any CPU.ActiveCfg = Debug|Any CPU
		{BDDF932D-1AD6-43AA-9696-FCC451A0C638}.Debug|Any CPU.Build.0 = Debug|Any CPU
		{BDDF932D-1AD6-43AA-9696-FCC451A0C638}.Debug|x64.ActiveCfg = Debug|Any CPU
		{BDDF932D-1AD6-43AA-9696-FCC451A0C638}.Debug|x64.Build.0 = Debug|Any CPU
		{BDDF932D-1AD6-43AA-9696-FCC451A0C638}.Debug|x86.ActiveCfg = Debug|Any CPU
		{BDDF932D-1AD6-43AA-9696-FCC451A0C638}.Debug|x86.Build.0 = Debug|Any CPU
		{BDDF932D-1AD6-43AA-9696-FCC451A0C638}.Release|Any CPU.ActiveCfg = Release|Any CPU
		{BDDF932D-1AD6-43AA-9696-FCC451A0C638}.Release|Any CPU.Build.0 = Release|Any CPU
		{BDDF932D-1AD6-43AA-9696-FCC451A0C638}.Release|x64.ActiveCfg = Release|Any CPU
		{BDDF932D-1AD6-43AA-9696-FCC451A0C638}.Release|x64.Build.0 = Release|Any CPU
		{BDDF932D-1AD6-43AA-9696-FCC451A0C638}.Release|x86.ActiveCfg = Release|Any CPU
		{BDDF932D-1AD6-43AA-9696-FCC451A0C638}.Release|x86.Build.0 = Release|Any CPU
		{0A652D01-89CA-43C8-8BAE-2E8A0155C6CB}.Debug|Any CPU.ActiveCfg = Debug|Any CPU
		{0A652D01-89CA-43C8-8BAE-2E8A0155C6CB}.Debug|Any CPU.Build.0 = Debug|Any CPU
		{0A652D01-89CA-43C8-8BAE-2E8A0155C6CB}.Debug|x64.ActiveCfg = Debug|Any CPU
		{0A652D01-89CA-43C8-8BAE-2E8A0155C6CB}.Debug|x64.Build.0 = Debug|Any CPU
		{0A652D01-89CA-43C8-8BAE-2E8A0155C6CB}.Debug|x86.ActiveCfg = Debug|Any CPU
		{0A652D01-89CA-43C8-8BAE-2E8A0155C6CB}.Debug|x86.Build.0 = Debug|Any CPU
		{0A652D01-89CA-43C8-8BAE-2E8A0155C6CB}.Release|Any CPU.ActiveCfg = Release|Any CPU
		{0A652D01-89CA-43C8-8BAE-2E8A0155C6CB}.Release|Any CPU.Build.0 = Release|Any CPU
		{0A652D01-89CA-43C8-8BAE-2E8A0155C6CB}.Release|x64.ActiveCfg = Release|Any CPU
		{0A652D01-89CA-43C8-8BAE-2E8A0155C6CB}.Release|x64.Build.0 = Release|Any CPU
		{0A652D01-89CA-43C8-8BAE-2E8A0155C6CB}.Release|x86.ActiveCfg = Release|Any CPU
		{0A652D01-89CA-43C8-8BAE-2E8A0155C6CB}.Release|x86.Build.0 = Release|Any CPU
		{402C87E4-EACB-4F2F-9D76-77D7141381D6}.Debug|Any CPU.ActiveCfg = Debug|Any CPU
		{402C87E4-EACB-4F2F-9D76-77D7141381D6}.Debug|Any CPU.Build.0 = Debug|Any CPU
		{402C87E4-EACB-4F2F-9D76-77D7141381D6}.Debug|x64.ActiveCfg = Debug|Any CPU
		{402C87E4-EACB-4F2F-9D76-77D7141381D6}.Debug|x64.Build.0 = Debug|Any CPU
		{402C87E4-EACB-4F2F-9D76-77D7141381D6}.Debug|x86.ActiveCfg = Debug|Any CPU
		{402C87E4-EACB-4F2F-9D76-77D7141381D6}.Debug|x86.Build.0 = Debug|Any CPU
		{402C87E4-EACB-4F2F-9D76-77D7141381D6}.Release|Any CPU.ActiveCfg = Release|Any CPU
		{402C87E4-EACB-4F2F-9D76-77D7141381D6}.Release|Any CPU.Build.0 = Release|Any CPU
		{402C87E4-EACB-4F2F-9D76-77D7141381D6}.Release|x64.ActiveCfg = Release|Any CPU
		{402C87E4-EACB-4F2F-9D76-77D7141381D6}.Release|x64.Build.0 = Release|Any CPU
		{402C87E4-EACB-4F2F-9D76-77D7141381D6}.Release|x86.ActiveCfg = Release|Any CPU
		{402C87E4-EACB-4F2F-9D76-77D7141381D6}.Release|x86.Build.0 = Release|Any CPU
		{897070F3-3FFE-4921-BDD3-ACD7C9FEF1E1}.Debug|Any CPU.ActiveCfg = Debug|Any CPU
		{897070F3-3FFE-4921-BDD3-ACD7C9FEF1E1}.Debug|Any CPU.Build.0 = Debug|Any CPU
		{897070F3-3FFE-4921-BDD3-ACD7C9FEF1E1}.Debug|x64.ActiveCfg = Debug|Any CPU
		{897070F3-3FFE-4921-BDD3-ACD7C9FEF1E1}.Debug|x64.Build.0 = Debug|Any CPU
		{897070F3-3FFE-4921-BDD3-ACD7C9FEF1E1}.Debug|x86.ActiveCfg = Debug|Any CPU
		{897070F3-3FFE-4921-BDD3-ACD7C9FEF1E1}.Debug|x86.Build.0 = Debug|Any CPU
		{897070F3-3FFE-4921-BDD3-ACD7C9FEF1E1}.Release|Any CPU.ActiveCfg = Release|Any CPU
		{897070F3-3FFE-4921-BDD3-ACD7C9FEF1E1}.Release|Any CPU.Build.0 = Release|Any CPU
		{897070F3-3FFE-4921-BDD3-ACD7C9FEF1E1}.Release|x64.ActiveCfg = Release|Any CPU
		{897070F3-3FFE-4921-BDD3-ACD7C9FEF1E1}.Release|x64.Build.0 = Release|Any CPU
		{897070F3-3FFE-4921-BDD3-ACD7C9FEF1E1}.Release|x86.ActiveCfg = Release|Any CPU
		{897070F3-3FFE-4921-BDD3-ACD7C9FEF1E1}.Release|x86.Build.0 = Release|Any CPU
		{369E5EFD-FDCF-4AC3-86BF-F3F447568349}.Debug|Any CPU.ActiveCfg = Debug|Any CPU
		{369E5EFD-FDCF-4AC3-86BF-F3F447568349}.Debug|Any CPU.Build.0 = Debug|Any CPU
		{369E5EFD-FDCF-4AC3-86BF-F3F447568349}.Debug|x64.ActiveCfg = Debug|Any CPU
		{369E5EFD-FDCF-4AC3-86BF-F3F447568349}.Debug|x64.Build.0 = Debug|Any CPU
		{369E5EFD-FDCF-4AC3-86BF-F3F447568349}.Debug|x86.ActiveCfg = Debug|Any CPU
		{369E5EFD-FDCF-4AC3-86BF-F3F447568349}.Debug|x86.Build.0 = Debug|Any CPU
		{369E5EFD-FDCF-4AC3-86BF-F3F447568349}.Release|Any CPU.ActiveCfg = Release|Any CPU
		{369E5EFD-FDCF-4AC3-86BF-F3F447568349}.Release|Any CPU.Build.0 = Release|Any CPU
		{369E5EFD-FDCF-4AC3-86BF-F3F447568349}.Release|x64.ActiveCfg = Release|Any CPU
		{369E5EFD-FDCF-4AC3-86BF-F3F447568349}.Release|x64.Build.0 = Release|Any CPU
		{369E5EFD-FDCF-4AC3-86BF-F3F447568349}.Release|x86.ActiveCfg = Release|Any CPU
		{369E5EFD-FDCF-4AC3-86BF-F3F447568349}.Release|x86.Build.0 = Release|Any CPU
		{7232D5D2-B5E3-4C72-B4F8-EDB5C2751334}.Debug|Any CPU.ActiveCfg = Debug|Any CPU
		{7232D5D2-B5E3-4C72-B4F8-EDB5C2751334}.Debug|Any CPU.Build.0 = Debug|Any CPU
		{7232D5D2-B5E3-4C72-B4F8-EDB5C2751334}.Debug|x64.ActiveCfg = Debug|Any CPU
		{7232D5D2-B5E3-4C72-B4F8-EDB5C2751334}.Debug|x64.Build.0 = Debug|Any CPU
		{7232D5D2-B5E3-4C72-B4F8-EDB5C2751334}.Debug|x86.ActiveCfg = Debug|Any CPU
		{7232D5D2-B5E3-4C72-B4F8-EDB5C2751334}.Debug|x86.Build.0 = Debug|Any CPU
		{7232D5D2-B5E3-4C72-B4F8-EDB5C2751334}.Release|Any CPU.ActiveCfg = Release|Any CPU
		{7232D5D2-B5E3-4C72-B4F8-EDB5C2751334}.Release|Any CPU.Build.0 = Release|Any CPU
		{7232D5D2-B5E3-4C72-B4F8-EDB5C2751334}.Release|x64.ActiveCfg = Release|Any CPU
		{7232D5D2-B5E3-4C72-B4F8-EDB5C2751334}.Release|x64.Build.0 = Release|Any CPU
		{7232D5D2-B5E3-4C72-B4F8-EDB5C2751334}.Release|x86.ActiveCfg = Release|Any CPU
		{7232D5D2-B5E3-4C72-B4F8-EDB5C2751334}.Release|x86.Build.0 = Release|Any CPU
		{4A860A48-925D-4869-8A88-54B8519A61F3}.Debug|Any CPU.ActiveCfg = Debug|Any CPU
		{4A860A48-925D-4869-8A88-54B8519A61F3}.Debug|Any CPU.Build.0 = Debug|Any CPU
		{4A860A48-925D-4869-8A88-54B8519A61F3}.Debug|x64.ActiveCfg = Debug|Any CPU
		{4A860A48-925D-4869-8A88-54B8519A61F3}.Debug|x64.Build.0 = Debug|Any CPU
		{4A860A48-925D-4869-8A88-54B8519A61F3}.Debug|x86.ActiveCfg = Debug|Any CPU
		{4A860A48-925D-4869-8A88-54B8519A61F3}.Debug|x86.Build.0 = Debug|Any CPU
		{4A860A48-925D-4869-8A88-54B8519A61F3}.Release|Any CPU.ActiveCfg = Release|Any CPU
		{4A860A48-925D-4869-8A88-54B8519A61F3}.Release|Any CPU.Build.0 = Release|Any CPU
		{4A860A48-925D-4869-8A88-54B8519A61F3}.Release|x64.ActiveCfg = Release|Any CPU
		{4A860A48-925D-4869-8A88-54B8519A61F3}.Release|x64.Build.0 = Release|Any CPU
		{4A860A48-925D-4869-8A88-54B8519A61F3}.Release|x86.ActiveCfg = Release|Any CPU
		{4A860A48-925D-4869-8A88-54B8519A61F3}.Release|x86.Build.0 = Release|Any CPU
	EndGlobalSection
	GlobalSection(SolutionProperties) = preSolution
		HideSolutionNode = FALSE
	EndGlobalSection
	GlobalSection(NestedProjects) = preSolution
		{ECAC13E7-9D34-4BEB-9858-F67E069278A5} = {36DF83CB-0F47-48B4-87D7-EB10D4A41F72}
		{503656AB-6293-4D94-BFAC-15E62A81297F} = {36DF83CB-0F47-48B4-87D7-EB10D4A41F72}
		{FD24C6B3-CAB3-4DA1-BC85-BF4F17831EA2} = {A41216BE-885F-4C80-A054-C7960D53A58E}
		{6F358D8D-16BC-4B8B-8637-C5771F5A08CF} = {15FFD57A-0602-48EC-AA20-DFCD782211F3}
		{5EE1E1E1-A15C-4307-A1AE-E81D55B28DE7} = {15FFD57A-0602-48EC-AA20-DFCD782211F3}
		{D99E3E8A-4A33-4360-9514-CFEC4AB1395E} = {C7FEF85A-2CF6-4493-B22F-2A5DCE05712E}
		{D9DC1911-3C8E-4C19-88EA-7C1A30F7A394} = {C7FEF85A-2CF6-4493-B22F-2A5DCE05712E}
		{45E9F73E-45E8-46DC-96E0-F6D3E646DA2C} = {77141189-CD30-4FFA-B729-45A088D4628D}
		{A2080899-9473-41AD-87DC-86FBD8D35EAC} = {77141189-CD30-4FFA-B729-45A088D4628D}
		{C5796D59-C863-4E53-A4C8-71F342CD632E} = {BF77A44B-1E0A-4EE0-BB3F-666073CDA1FE}
		{D682B5AF-64A6-47A7-9021-A6AF52363762} = {BF77A44B-1E0A-4EE0-BB3F-666073CDA1FE}
		{986DB490-8EE1-4A23-AF2C-A92FC6DD3DEC} = {D9050B26-5B8E-42C3-BCC9-29577140EC33}
		{2B7B6CF5-FB2C-4452-A212-59A1638FAF46} = {D9050B26-5B8E-42C3-BCC9-29577140EC33}
		{BDDF932D-1AD6-43AA-9696-FCC451A0C638} = {76004A6E-1E21-4BEB-B184-F292D1F50EF9}
		{0A652D01-89CA-43C8-8BAE-2E8A0155C6CB} = {76004A6E-1E21-4BEB-B184-F292D1F50EF9}
		{402C87E4-EACB-4F2F-9D76-77D7141381D6} = {76004A6E-1E21-4BEB-B184-F292D1F50EF9}
		{897070F3-3FFE-4921-BDD3-ACD7C9FEF1E1} = {A0DAA29A-0B36-4E6C-BB9F-1F3987C8294A}
		{369E5EFD-FDCF-4AC3-86BF-F3F447568349} = {08A61910-023B-4713-9915-96D5CF5A3BD7}
		{7232D5D2-B5E3-4C72-B4F8-EDB5C2751334} = {08A61910-023B-4713-9915-96D5CF5A3BD7}
		{4A860A48-925D-4869-8A88-54B8519A61F3} = {08A61910-023B-4713-9915-96D5CF5A3BD7}
	EndGlobalSection
	GlobalSection(ExtensibilityGlobals) = postSolution
		SolutionGuid = {AA822F8C-ACA8-4561-A15E-EE4AFF691C33}
	EndGlobalSection
EndGlobal
